
Microsoft Visual Studio Solution File, Format Version 12.00
# Visual Studio 14
VisualStudioVersion = 14.0.25420.1
MinimumVisualStudioVersion = 10.0.40219.1
Project("{2150E333-8FDC-42A3-9474-1A3956D46DE8}") = "Solution Items", "Solution Items", "{2C91A5FB-FD1A-4059-8633-9E8DAFADF865}"
	ProjectSection(SolutionItems) = preProject
		.gitattributes = .gitattributes
		.gitignore = .gitignore
		Doc\FollowTheWhiteRabbit.md = Doc\FollowTheWhiteRabbit.md
		global.json = global.json
		MiscNotes.md = MiscNotes.md
		README.md = README.md
	EndProjectSection
EndProject
Project("{8BB2217D-0F2D-49D1-97BC-3654ED321F3B}") = "BookARoom.Domain", "src\BookARoom.Domain\BookARoom.Domain.xproj", "{B50A9368-9FF0-4619-8B50-76D2ACD1A1F3}"
EndProject
Project("{8BB2217D-0F2D-49D1-97BC-3654ED321F3B}") = "BookARoom.Tests", "test\BookARoom.Tests\BookARoom.Tests.xproj", "{0197FC69-EAA2-4D9E-86AE-58064B296F7A}"
EndProject
Project("{8BB2217D-0F2D-49D1-97BC-3654ED321F3B}") = "BookARoom.IntegrationModel", "src\BookARoom.IntegrationModel\BookARoom.IntegrationModel.xproj", "{3C54CC13-C90F-4296-BD22-F9A1CE131C21}"
EndProject
Project("{2150E333-8FDC-42A3-9474-1A3956D46DE8}") = "places-integration-files", "places-integration-files", "{1B5A370C-6727-48BE-B863-8A9FBCDD8650}"
	ProjectSection(SolutionItems) = preProject
		integration-files\BudaFull-the-always-unavailable-hotel-availabilities.json = integration-files\BudaFull-the-always-unavailable-hotel-availabilities.json
		integration-files\Danubius Health Spa Resort Helia-availabilities.json = integration-files\Danubius Health Spa Resort Helia-availabilities.json
		integration-files\New York Sofitel-availabilities.json = integration-files\New York Sofitel-availabilities.json
		integration-files\THE GRAND BUDAPEST HOTEL-availabilities.json = integration-files\THE GRAND BUDAPEST HOTEL-availabilities.json
	EndProjectSection
EndProject
Project("{8BB2217D-0F2D-49D1-97BC-3654ED321F3B}") = "BookARoom.Infra.Web", "src\BookARoom.Infra.Web\BookARoom.Infra.Web.xproj", "{A6C40114-AB7F-4567-94D3-7371109F9EB2}"
EndProject
Global
	GlobalSection(SolutionConfigurationPlatforms) = preSolution
		Debug|Any CPU = Debug|Any CPU
		Release|Any CPU = Release|Any CPU
	EndGlobalSection
	GlobalSection(ProjectConfigurationPlatforms) = postSolution
		{B50A9368-9FF0-4619-8B50-76D2ACD1A1F3}.Debug|Any CPU.ActiveCfg = Debug|Any CPU
		{B50A9368-9FF0-4619-8B50-76D2ACD1A1F3}.Debug|Any CPU.Build.0 = Debug|Any CPU
		{B50A9368-9FF0-4619-8B50-76D2ACD1A1F3}.Release|Any CPU.ActiveCfg = Release|Any CPU
		{B50A9368-9FF0-4619-8B50-76D2ACD1A1F3}.Release|Any CPU.Build.0 = Release|Any CPU
		{0197FC69-EAA2-4D9E-86AE-58064B296F7A}.Debug|Any CPU.ActiveCfg = Debug|Any CPU
		{0197FC69-EAA2-4D9E-86AE-58064B296F7A}.Debug|Any CPU.Build.0 = Debug|Any CPU
		{0197FC69-EAA2-4D9E-86AE-58064B296F7A}.Release|Any CPU.ActiveCfg = Release|Any CPU
		{0197FC69-EAA2-4D9E-86AE-58064B296F7A}.Release|Any CPU.Build.0 = Release|Any CPU
		{3C54CC13-C90F-4296-BD22-F9A1CE131C21}.Debug|Any CPU.ActiveCfg = Debug|Any CPU
		{3C54CC13-C90F-4296-BD22-F9A1CE131C21}.Debug|Any CPU.Build.0 = Debug|Any CPU
		{3C54CC13-C90F-4296-BD22-F9A1CE131C21}.Release|Any CPU.ActiveCfg = Release|Any CPU
		{3C54CC13-C90F-4296-BD22-F9A1CE131C21}.Release|Any CPU.Build.0 = Release|Any CPU
		{A6C40114-AB7F-4567-94D3-7371109F9EB2}.Debug|Any CPU.ActiveCfg = Debug|Any CPU
		{A6C40114-AB7F-4567-94D3-7371109F9EB2}.Debug|Any CPU.Build.0 = Debug|Any CPU
		{A6C40114-AB7F-4567-94D3-7371109F9EB2}.Release|Any CPU.ActiveCfg = Release|Any CPU
		{A6C40114-AB7F-4567-94D3-7371109F9EB2}.Release|Any CPU.Build.0 = Release|Any CPU
	EndGlobalSection
	GlobalSection(SolutionProperties) = preSolution
		HideSolutionNode = FALSE
	EndGlobalSection
	GlobalSection(NestedProjects) = preSolution
		{1B5A370C-6727-48BE-B863-8A9FBCDD8650} = {2C91A5FB-FD1A-4059-8633-9E8DAFADF865}
	EndGlobalSection
EndGlobal
