
Microsoft Visual Studio Solution File, Format Version 12.00
# Visual Studio 14
VisualStudioVersion = 14.0.25420.1
MinimumVisualStudioVersion = 10.0.40219.1
Project("{8BB2217D-0F2D-49D1-97BC-3654ED321F3B}") = "RoomsBooking.Tests", "RoomsBooking.Tests\RoomsBooking.Tests.xproj", "{B4F94575-EFF6-4463-8A09-3502C3E7C163}"
EndProject
Project("{2150E333-8FDC-42A3-9474-1A3956D46DE8}") = "Solution Items", "Solution Items", "{4F7DB84F-2502-4151-9866-09D8E61DDA61}"
	ProjectSection(SolutionItems) = preProject
		.gitattributes = .gitattributes
		.gitignore = .gitignore
	EndProjectSection
EndProject
Global
	GlobalSection(SolutionConfigurationPlatforms) = preSolution
		Debug|Any CPU = Debug|Any CPU
		Release|Any CPU = Release|Any CPU
	EndGlobalSection
	GlobalSection(ProjectConfigurationPlatforms) = postSolution
		{B4F94575-EFF6-4463-8A09-3502C3E7C163}.Debug|Any CPU.ActiveCfg = Debug|Any CPU
		{B4F94575-EFF6-4463-8A09-3502C3E7C163}.Debug|Any CPU.Build.0 = Debug|Any CPU
		{B4F94575-EFF6-4463-8A09-3502C3E7C163}.Release|Any CPU.ActiveCfg = Release|Any CPU
		{B4F94575-EFF6-4463-8A09-3502C3E7C163}.Release|Any CPU.Build.0 = Release|Any CPU
	EndGlobalSection
	GlobalSection(SolutionProperties) = preSolution
		HideSolutionNode = FALSE
	EndGlobalSection
EndGlobal
